{
    "_meta": {
        "hash": {
            "sha256": "f556868e1e58f4d7aec0b83452431cdff26234de3549d34ddbc06d89e7d9b901"
        },
        "pipfile-spec": 6,
        "requires": {
            "python_version": "3.9"
        },
        "sources": [
            {
                "name": "pypi",
                "url": "https://pypi.python.org/simple",
                "verify_ssl": true
            }
        ]
    },
    "default": {
        "amqp": {
            "hashes": [
                "sha256:4d9cb6b5d69183ba279e97382ff68a071864c25b561d206dab73499d3ed26d1c",
                "sha256:d757b78fd7d3c6bb60e3ee811b68145583643747ed3ec253329f086aa3a72a5d"
            ],
            "markers": "python_version >= '3.6'",
            "version": "==5.0.7"
        },
        "asgiref": {
            "hashes": [
                "sha256:4ef1ab46b484e3c706329cedeff284a5d40824200638503f5768edb6de7d58e9",
                "sha256:ffc141aa908e6f175673e7b1b3b7af4fdb0ecb738fc5c8b88f69f055c2415214"
            ],
            "markers": "python_version >= '3.6'",
            "version": "==3.4.1"
        },
        "billiard": {
            "hashes": [
                "sha256:299de5a8da28a783d51b197d496bef4f1595dd023a93a4f59dde1886ae905547",
                "sha256:87103ea78fa6ab4d5c751c4909bcff74617d985de7fa8b672cf8618afd5a875b"
            ],
            "version": "==3.6.4.0"
        },
        "boto3": {
            "hashes": [
                "sha256:739705b28e6b2329ea3b481ba801d439c296aaf176f7850729147ba99bbf8a9a",
                "sha256:8f08e8e94bf107c5e9866684e9aadf8d9f60abed0cfe5c1dba4e7328674a1986"
            ],
            "markers": "python_version >= '3.6'",
            "version": "==1.20.24"
        },
        "botocore": {
            "hashes": [
                "sha256:43006b4f52d7bb655319d3da0f615cdbee7762853acc1ebcb1d49f962e6b4806",
                "sha256:e78d48c50c8c013fb9b362c6202fece2fe868edfd89b51968080180bdff41617"
            ],
            "markers": "python_version >= '3.6'",
            "version": "==1.23.24"
        },
        "celery": {
            "extras": [
                "sqs"
            ],
            "hashes": [
                "sha256:b41a590b49caf8e6498a57db628e580d5f8dc6febda0f42de5d783aed5b7f808",
                "sha256:cc63ea6572d558be65297ba6db7a7979e64c0a3d0d61212d6302ef1ca05a0d22"
            ],
            "index": "pypi",
            "version": "==5.2.1"
        },
        "certifi": {
            "hashes": [
                "sha256:78884e7c1d4b00ce3cea67b44566851c4343c120abd683433ce934a68ea58872",
                "sha256:d62a0163eb4c2344ac042ab2bdf75399a71a2d8c7d47eac2e2ee91b9d6339569"
            ],
            "version": "==2021.10.8"
        },
        "charset-normalizer": {
            "hashes": [
                "sha256:1eecaa09422db5be9e29d7fc65664e6c33bd06f9ced7838578ba40d58bdf3721",
                "sha256:b0b883e8e874edfdece9c28f314e3dd5badf067342e42fb162203335ae61aa2c"
            ],
            "markers": "python_version >= '3'",
            "version": "==2.0.9"
        },
        "click": {
            "hashes": [
                "sha256:353f466495adaeb40b6b5f592f9f91cb22372351c84caeb068132442a4518ef3",
                "sha256:410e932b050f5eed773c4cda94de75971c89cdb3155a72a0831139a79e5ecb5b"
            ],
            "markers": "python_version >= '3.6'",
            "version": "==8.0.3"
        },
        "click-didyoumean": {
            "hashes": [
                "sha256:a0713dc7a1de3f06bc0df5a9567ad19ead2d3d5689b434768a6145bff77c0667",
                "sha256:f184f0d851d96b6d29297354ed981b7dd71df7ff500d82fa6d11f0856bee8035"
            ],
            "markers": "python_full_version >= '3.6.2' and python_full_version < '4.0.0'",
            "version": "==0.3.0"
        },
        "click-plugins": {
            "hashes": [
                "sha256:46ab999744a9d831159c3411bb0c79346d94a444df9a3a3742e9ed63645f264b",
                "sha256:5d262006d3222f5057fd81e1623d4443e41dcda5dc815c06b442aa3c02889fc8"
            ],
            "version": "==1.1.1"
        },
        "click-repl": {
            "hashes": [
                "sha256:94b3fbbc9406a236f176e0506524b2937e4b23b6f4c0c0b2a0a83f8a64e9194b",
                "sha256:cd12f68d745bf6151210790540b4cb064c7b13e571bc64b6957d98d120dacfd8"
            ],
            "version": "==0.2.0"
        },
        "dj-database-url": {
            "hashes": [
                "sha256:4aeaeb1f573c74835b0686a2b46b85990571159ffc21aa57ecd4d1e1cb334163",
                "sha256:851785365761ebe4994a921b433062309eb882fedd318e1b0fcecc607ed02da9"
            ],
            "version": "==0.5.0"
        },
        "dj-email-url": {
            "hashes": [
                "sha256:15148141c6ef123636e4ca3663e95231ed94ca5ed267e91977e5a4397be8b34c",
                "sha256:838fd4ded9deba53ae757debef431e25fa7fca31d3948b3c4808ccdc84fab2b7"
            ],
            "version": "==1.0.2"
        },
        "django": {
            "hashes": [
                "sha256:074e8818b4b40acdc2369e67dcd6555d558329785408dcd25340ee98f1f1d5c4",
                "sha256:df6f5eb3c797b27c096d61494507b7634526d4ce8d7c8ca1e57a4fb19c0738a3"
            ],
            "index": "pypi",
            "version": "==3.2.10"
        },
        "django-ajax-selects": {
            "hashes": [
                "sha256:d35a386d6bfc61b45a22de9648237df7f750dd37abf50203bbd694d03460397b",
                "sha256:e8246596d871f6d0206b2215148c44ae30bc7bd4563d639de812b0dd1b8d559d"
            ],
            "index": "pypi",
            "version": "==2.1.0"
        },
        "django-appconf": {
            "hashes": [
                "sha256:ae9f864ee1958c815a965ed63b3fba4874eec13de10236ba063a788f9a17389d",
                "sha256:be3db0be6c81fa84742000b89a81c016d70ae66a7ccb620cdef592b1f1a6aaa4"
            ],
            "index": "pypi",
            "version": "==1.0.5"
        },
        "django-cache-url": {
            "hashes": [
                "sha256:5514ca3a2075c6b956b3d0a5c540654d32b004e76340d7bdabf6661135b5f218",
                "sha256:c1d45626ae8a206267c1263aa7a3461e2e186be2e939bcbd8c660e25851ddac8"
            ],
            "version": "==3.2.3"
        },
        "django-celery-email": {
            "hashes": [
                "sha256:0f72da39cb2ea83c69440566e87f27cd72f68f247f98ce99fb29889fcf329406",
                "sha256:5546cbba80952cc3b8a0ffa4206ce90a4a996a7ffd1c385a2bdb65903ca18ece"
            ],
            "index": "pypi",
            "version": "==3.0.0"
        },
        "django-celery-results": {
            "hashes": [
                "sha256:cc0285090a306f97f1d4b7929ed98af0475bf6db2568976b3387de4fbe812edc",
                "sha256:d5f83fad9091e52cd6dbb3ca80632153ad14b6cdac4d73258e040f92717237cb"
            ],
            "index": "pypi",
            "version": "==2.2.0"
        },
        "django-formtools": {
            "hashes": [
                "sha256:4699937e19ee041d803943714fe0c1c7ad4cab802600eb64bbf4cdd0a1bfe7d9",
                "sha256:9663b6eca64777b68d6d4142efad8597fe9a685924673b25aa8a1dcff4db00c3"
            ],
            "index": "pypi",
            "version": "==2.3"
        },
        "django-nocaptcha-recaptcha": {
            "hashes": [
                "sha256:260c66573a068d01116e8e9713610f9568bee937e5f458b19154ce931e97b52e"
            ],
            "index": "pypi",
            "version": "==0.0.20"
        },
        "django-ses": {
            "hashes": [
                "sha256:34ae53fb439042bda83b4e3bcd5dfc9ac507899ee8f526d1923aa0875696842d",
                "sha256:ececf3b4284001d776e8021e9090184690495c652c0b45f4cfb984688819895b"
            ],
            "index": "pypi",
            "version": "==2.3.1"
        },
        "docopt": {
            "hashes": [
                "sha256:49b3a825280bd66b3aa83585ef59c4a8c82f2c8a522dbe754a8bc8d08c85c491"
            ],
            "version": "==0.6.2"
        },
        "environs": {
            "extras": [
                "django"
            ],
            "hashes": [
                "sha256:47128992b854cf7e279e62127100767d765a1ead8d22f355e63c00661550131b",
                "sha256:f5a3ca00afd32a82e098597c7dc8899bea5ed451d31055e518e8c7681cdf1c2b"
            ],
            "index": "pypi",
            "version": "==9.3.5"
        },
        "future": {
            "hashes": [
                "sha256:b1bead90b70cf6ec3f0710ae53a525360fa360d306a86583adc6bf83a4db537d"
            ],
            "markers": "python_version >= '2.6' and python_version not in '3.0, 3.1, 3.2, 3.3'",
            "version": "==0.18.2"
        },
        "gunicorn": {
            "hashes": [
                "sha256:9dcc4547dbb1cb284accfb15ab5667a0e5d1881cc443e0677b4882a4067a807e",
                "sha256:e0a968b5ba15f8a328fdfd7ab1fcb5af4470c28aaf7e55df02a99bc13138e6e8"
            ],
            "index": "pypi",
            "version": "==20.1.0"
        },
        "idna": {
            "hashes": [
                "sha256:84d9dd047ffa80596e0f246e2eab0b391788b0503584e8945f2368256d2735ff",
                "sha256:9d643ff0a55b762d5cdb124b8eaa99c66322e2157b69160bc32796e824360e6d"
            ],
            "markers": "python_version >= '3'",
            "version": "==3.3"
        },
        "jmespath": {
            "hashes": [
                "sha256:b85d0567b8666149a93172712e68920734333c0ce7e89b78b3e987f71e5ed4f9",
                "sha256:cdf6525904cc597730141d61b36f2e4b8ecc257c420fa2f4549bac2c2d0cb72f"
            ],
            "markers": "python_version >= '2.6' and python_version not in '3.0, 3.1, 3.2, 3.3'",
            "version": "==0.10.0"
        },
        "kombu": {
            "hashes": [
                "sha256:0f5d0763fb916808f617b886697b2be28e6bc35026f08e679697fc814b48a608",
                "sha256:d36f0cde6a18d9eb7b6b3aa62a59bfdff7f5724689850e447eca5be8efc9d501"
            ],
            "markers": "python_version >= '3.7'",
            "version": "==5.2.2"
        },
        "marshmallow": {
            "hashes": [
                "sha256:04438610bc6dadbdddb22a4a55bcc7f6f8099e69580b2e67f5a681933a1f4400",
                "sha256:4c05c1684e0e97fe779c62b91878f173b937fe097b356cd82f793464f5bc6138"
            ],
            "markers": "python_version >= '3.6'",
            "version": "==3.14.1"
        },
        "num2words": {
            "hashes": [
                "sha256:0b6e5f53f11d3005787e206d9c03382f459ef048a43c544e3db3b1e05a961548",
                "sha256:37cd4f60678f7e1045cdc3adf6acf93c8b41bf732da860f97d301f04e611cc57"
            ],
            "index": "pypi",
            "version": "==0.5.10"
        },
        "pdfrw": {
            "hashes": [
                "sha256:0dc0494a0e6561b268542b28ede2280387c2728114f117d3bb5d8e4787b93ef4",
                "sha256:758289edaa3b672e9a1a67504be73c18ec668d4e5b9d5ac9cbc0dc753d8d196b"
            ],
            "index": "pypi",
            "version": "==0.4"
        },
        "pillow": {
            "hashes": [
                "sha256:00def5b638994f888d1058e4d17c86dec8e1113c3741a0a8a659039aec59a83a",
                "sha256:026449b64e559226cdb8e6d8c931b5965d8fc90ec18ebbb0baa04c5b36503c72",
                "sha256:03dbb224ee196ef30ed2156d41b579143e1efeb422974719a5392fc035e4f574",
                "sha256:03eb0e04f929c102ae24bc436bf1c0c60a4e63b07ebd388e84d8b219df3e6acd",
                "sha256:087b0551ce2d19b3f092f2b5f071a065f7379e748867d070b29999cc83db15e3",
                "sha256:091a0656688d85fd6e10f49a73fa3ab9b37dbfcb2151f5a3ab17f8b879f467ee",
                "sha256:0f3e2d0a9966161b7dfd06d147f901d72c3a88ea1a833359b92193b8e1f68e1c",
                "sha256:114398d0e073b93e1d7da5b5ab92ff4b83c0180625c8031911425e51f4365d2e",
                "sha256:1be66b9a89e367e7d20d6cae419794997921fe105090fafd86ef39e20a3baab2",
                "sha256:1c5e93c40d4ce8cb133d3b105a869be6fa767e703f6eb1003eb4b90583e08a59",
                "sha256:1e977a3ed998a599bda5021fb2c2889060617627d3ae228297a529a082a3cd5c",
                "sha256:22cf3406d135cfcc13ec6228ade774c8461e125c940e80455f500638429be273",
                "sha256:24adccf1e834f82718c7fc8e3ec1093738da95144b8b1e44c99d5fc7d3e9c554",
                "sha256:2a3e362c97a5e6a259ee9cd66553292a1f8928a5bdfa3622fdb1501570834612",
                "sha256:3518f9fc666cbc58a5c1f48a6a23e9e6ceef69665eab43cdad5144de9383e72c",
                "sha256:3709339f4619e8c9b00f53079e40b964f43c5af61fb89a923fe24437167298bb",
                "sha256:3832e26ecbc9d8a500821e3a1d3765bda99d04ae29ffbb2efba49f5f788dc934",
                "sha256:452d159024faf37cc080537df308e8fa0026076eb38eb75185d96ed9642bd6d7",
                "sha256:4fd1f0c2dc02aaec729d91c92cd85a2df0289d88e9f68d1e8faba750bb9c4786",
                "sha256:4fda62030f2c515b6e2e673c57caa55cb04026a81968f3128aae10fc28e5cc27",
                "sha256:5044d75a68b49ce36a813c82d8201384207112d5d81643937fc758c05302f05b",
                "sha256:522184556921512ec484cb93bd84e0bab915d0ac5a372d49571c241a7f73db62",
                "sha256:5914cff11f3e920626da48e564be6818831713a3087586302444b9c70e8552d9",
                "sha256:653d48fe46378f40e3c2b892be88d8440efbb2c9df78559da44c63ad5ecb4142",
                "sha256:6661a7908d68c4a133e03dac8178287aa20a99f841ea90beeb98a233ae3fd710",
                "sha256:6735a7e560df6f0deb78246a6fe056cf2ae392ba2dc060ea8a6f2535aec924f1",
                "sha256:6d26a475a19cb294225738f5c974b3a24599438a67a30ed2d25638f012668026",
                "sha256:791f07fe13937e65285f9ef30664ddf0e10a0230bdb236751fa0ca67725740dd",
                "sha256:79258a8df3e309a54c7ef2ef4a59bb8e28f7e4a8992a3ad17c24b1889ced44f3",
                "sha256:7d74c20b8f1c3e99d3f781d3b8ff5abfefdd7363d61e23bdeba9992ff32cc4b4",
                "sha256:81918afeafc16ba5d9d0d4e9445905f21aac969a4ebb6f2bff4b9886da100f4b",
                "sha256:8194d913ca1f459377c8a4ed8f9b7ad750068b8e0e3f3f9c6963fcc87a84515f",
                "sha256:84d5d31200b11b3c76fab853b89ac898bf2d05c8b3da07c1fcc23feb06359d6e",
                "sha256:989981db57abffb52026b114c9a1f114c7142860a6d30a352d28f8cbf186500b",
                "sha256:a3d7511d3fad1618a82299aab71a5fceee5c015653a77ffea75ced9ef917e71a",
                "sha256:a4a6ac01b8c2f9d2d83719f193e6dea493e18445ce5bfd743d739174daa974d9",
                "sha256:acb90eb6c7ed6526551a78211d84c81e33082a35642ff5fe57489abc14e6bf6e",
                "sha256:b3ef168d4d6fd4fa6685aef7c91400f59f7ab1c0da734541f7031699741fb23f",
                "sha256:c1c5792b6e74bbf2af0f8e892272c2a6c48efa895903211f11b8342e03129fea",
                "sha256:c5dcb5a56aebb8a8f2585042b2f5c496d7624f0bcfe248f0cc33ceb2fd8d39e7",
                "sha256:d16f90810106822833a19bdb24c7cb766959acf791ca0edf5edfec674d55c8ee",
                "sha256:dcdc9cd9880027688007ff8f7c8e7ae6f24e81fae33bfd18d1e691e7bda4855f",
                "sha256:e2807aad4565d8de15391a9548f97818a14ef32624015c7bf3095171e314445e",
                "sha256:e2bed4a04e2ca1050bb5f00865cf2f83c0b92fd62454d9244f690fcd842e27a4",
                "sha256:e87a527c06319428007e8c30511e1f0ce035cb7f14bb4793b003ed532c3b9333",
                "sha256:ebcfc33a6c34984086451e230253bc33727bd17b4cdc4b39ec03032c3a6fc9e9",
                "sha256:f63e420180cbe22ff6e32558b612e75f50616fc111c5e095a4631946c782e109",
                "sha256:f7717eb360d40e7598c30cc44b33d98f79c468d9279379b66c1e28c568e0bf47",
                "sha256:f8582e1ab155302ea9ef1235441a0214919f4f79c4c7c21833ce9eec58181781",
                "sha256:f8b3d413c5a8f84b12cd4c5df1d8e211777c9852c6be3ee9c094b626644d3eab"
            ],
            "index": "pypi",
            "version": "==5.2.0"
        },
        "prompt-toolkit": {
            "hashes": [
                "sha256:1bb05628c7d87b645974a1bad3f17612be0c29fa39af9f7688030163f680bad6",
                "sha256:e56f2ff799bacecd3e88165b1e2f5ebf9bcd59e80e06d395fa0cc4b8bd7bb506"
            ],
            "markers": "python_full_version >= '3.6.2'",
            "version": "==3.0.24"
        },
        "psycopg2": {
            "hashes": [
                "sha256:26322c3f114de1f60c1b0febf8fdd595c221b4f624524178f515d07350a71bd1",
                "sha256:6796ac614412ce374587147150e56d03b7845c9e031b88aacdcadc880e81bb38",
                "sha256:77b9105ef37bc005b8ffbcb1ed6d8685bb0e8ce84773738aa56421a007ec5a7a",
                "sha256:77d09a79f9739b97099d2952bbbf18eaa4eaf825362387acbb9552ec1b3fa228",
                "sha256:91c7fd0fe9e6c118e8ff5b665bc3445781d3615fa78e131d0b4f8c85e8ca9ec8",
                "sha256:a761b60da0ecaf6a9866985bcde26327883ac3cdb90535ab68b8d784f02b05ef",
                "sha256:a84da9fa891848e0270e8e04dcca073bc9046441eeb47069f5c0e36783debbea",
                "sha256:b8816c6410fa08d2a022e4e38d128bae97c1855e176a00493d6ec62ccd606d57",
                "sha256:dfc32db6ce9ecc35a131320888b547199f79822b028934bb5b332f4169393e15",
                "sha256:f65cba7924363e0d2f416041b48ff69d559548f2cb168ff972c54e09e1e64db8",
                "sha256:fd7ddab7d6afee4e21c03c648c8b667b197104713e57ec404d5b74097af21e31"
            ],
            "index": "pypi",
            "version": "==2.9.2"
        },
        "pycurl": {
            "hashes": [
                "sha256:5bcef4d988b74b99653602101e17d8401338d596b9234d263c728a0c3df003e8"
            ],
            "version": "==7.44.1"
        },
        "python-dateutil": {
            "hashes": [
                "sha256:0123cacc1627ae19ddf3c27a5de5bd67ee4586fbdd6440d9748f8abb483d3e86",
                "sha256:961d03dc3453ebbc59dbdea9e4e11c5651520a876d0f4db161e8674aae935da9"
            ],
            "markers": "python_version >= '2.7' and python_version not in '3.0, 3.1, 3.2, 3.3'",
            "version": "==2.8.2"
        },
        "python-dotenv": {
            "hashes": [
                "sha256:32b2bdc1873fd3a3c346da1c6db83d0053c3c62f28f1f38516070c4c8971b1d3",
                "sha256:a5de49a31e953b45ff2d2fd434bbc2670e8db5273606c1e737cc6b93eff3655f"
            ],
            "markers": "python_version >= '3.5'",
            "version": "==0.19.2"
        },
        "pytz": {
            "hashes": [
                "sha256:3672058bc3453457b622aab7a1c3bfd5ab0bdae451512f6cf25f64ed37f5b87c",
                "sha256:acad2d8b20a1af07d4e4c9d2e9285c5ed9104354062f275f3fcd88dcef4f1326"
            ],
            "version": "==2021.3"
        },
        "reportlab": {
            "hashes": [
                "sha256:010f86a192c397f7c8ae667953a85d913395a8a6a8da112bff1c1ea28e679bcd",
                "sha256:08b53568979228b6969b790339d06a0b8db8883f92ae7339013f9878042dd9ca",
                "sha256:19708801278f600d712c04ee6bfb650e45d1b2898713f7bd97b39ab89bd08c1e",
                "sha256:28c72d27f21d74a7301789c7950b5e82a430ed38817ecee060fa1f2f3e959360",
                "sha256:2c0c88a7cf83a20a2bb355f97a1a9d0373a6de60c3aec35d301d3cc75dc4bb72",
                "sha256:2dc5ee0c5b659697cdfbc218ec9abea54dd9c5a95ea8ca95245fe94f5ef111f9",
                "sha256:332f836ff4c975c92d307302e86a54d6f0e3d2ce33a35759812e7a1d17e2091f",
                "sha256:45113c1c359ba314499032c891487802cccd7c4225a3e930d6cf492d62ea4f07",
                "sha256:46f15f5a34a50375c332ab8eaa907a0212c88787b0885ac25a9505c0741ee9ba",
                "sha256:580eed6d9e5c20870ea909bec6840f9ceb9d13c33316d448cae21eb3ca47c7fd",
                "sha256:5865c4247229584408515055b5b19c7f935ae94433d6258c7a9234c4a07d6d34",
                "sha256:6063466779e438375bcdd2c15fc551ebd68f16ebfb2766497234df9cfa57e5b1",
                "sha256:63578cab96fc4383e71dd9fe1877bb26ab78b2a6c91139068e99d130687289ab",
                "sha256:66b5a08cbeb910edee7201efa786bd1bf7027c7ec526dddf7d60fc2252e2b30f",
                "sha256:6b448a1824d381d282c5ea1da1669a5fa53dac67c57a1ecad6bcc149f286d1fd",
                "sha256:6f905390f5e5801b21b6027c8ffaed915e5eec1e46bbdf6a74c8838213717b44",
                "sha256:70e7461aa47eff810be8c4e4a0cbc6fcf47aecaddd46de6ca4524c76065f8490",
                "sha256:7e466276f1a1121dac23b703af6c22db0cedf6cec5139969f8387e8d8046f203",
                "sha256:81d1958d90fccf86f62b38ecbedf9208a973d99e0747b6cd75036914ae8641c4",
                "sha256:9a00feb8eafbce1283cd3edbb29735bd40c9566b3f45913110a301700c16b63a",
                "sha256:a48221d4ab7de37975ad052f7e565cf13ab708def63f203a38ae9927ab5442cd",
                "sha256:ad9a49890de59e8dd16fa0ce03ef607e46a5ff2f39de44f8556f796b3d4ddffb",
                "sha256:b25608059558910585a9e229bae0fd3d67af49ae5e1c7a20057680c6b3d5f6f7",
                "sha256:b57ebeb28f7a58a9da6f8c293acb6d31d89f634b3eba0b728a040cef08afc4ea",
                "sha256:b9ae0c534c09274b80f8fd87408071c1f814d56c5f51fe450b2157f1f13e921b",
                "sha256:c0612d9101f40679245e7d9edb169d8d79378a47f38cd8e6b38c55d7ff31db3f",
                "sha256:ced16daf89f948eeb4e376b5d814da5d99f7205fbd42e17a96f257e35dc31bdd",
                "sha256:dd3409ebabe699c98058690b7b730f93e6b0bd4ed5e49ca3b15e1530ae07b40b",
                "sha256:efef6a97e3ab49f3f40037dbf9a4166668a17cc6aaba13d5ecbabdf854a9b332"
            ],
            "index": "pypi",
            "version": "==3.5.68"
        },
        "requests": {
            "hashes": [
                "sha256:6c1246513ecd5ecd4528a0906f910e8f0f9c6b8ec72030dc9fd154dc1a6efd24",
                "sha256:b8aa58f8cf793ffd8782d3d8cb19e66ef36f7aba4353eec859e74678b01b07a7"
            ],
            "index": "pypi",
            "version": "==2.26.0"
        },
        "s3transfer": {
            "hashes": [
                "sha256:50ed823e1dc5868ad40c8dc92072f757aa0e653a192845c94a3b676f4a62da4c",
                "sha256:9c1dc369814391a6bda20ebbf4b70a0f34630592c9aa520856bf384916af2803"
            ],
            "markers": "python_version >= '3.6'",
            "version": "==0.5.0"
        },
        "setuptools": {
            "hashes": [
                "sha256:0c8d5c36aea600828875ab751c03e2c52624edc8382a88a127e31bd8d860e34b",
                "sha256:a426c5ce42242404fecb1cbce07af79c10b820ab2f684109e8129040413faaa1"
            ],
            "markers": "python_version >= '3.7'",
            "version": "==59.7.0"
        },
        "six": {
            "hashes": [
                "sha256:1e61c37477a1626458e36f7b1d82aa5c9b094fa4802892072e49de9c60c4c926",
                "sha256:8abb2f1d86890a2dfb989f9a77cfcfd3e47c2a354b01111771326f8aa26e0254"
            ],
            "markers": "python_version >= '2.7' and python_version not in '3.0, 3.1, 3.2, 3.3'",
            "version": "==1.16.0"
        },
        "sqlparse": {
            "hashes": [
                "sha256:0c00730c74263a94e5a9919ade150dfc3b19c574389985446148402998287dae",
                "sha256:48719e356bb8b42991bdbb1e8b83223757b93789c00910a616a071910ca4a64d"
            ],
            "markers": "python_version >= '3.5'",
            "version": "==0.4.2"
        },
        "squareconnect": {
            "hashes": [
                "sha256:28779d7dab1b200a105dabc9f467d2447e5372a30c8aef5d2e9e959a6197c6a6"
            ],
            "index": "pypi",
            "version": "==2.20190724.1"
        },
        "supervisor": {
            "hashes": [
                "sha256:4adf63c8f18cf42313171ce06a73c9ae2c5e88ef27c2bb0de3b8405368595c04",
                "sha256:5b2b8882ec8a3c3733cce6965cc098b6d80b417f21229ab90b18fe551d619f90"
            ],
            "index": "pypi",
            "version": "==4.2.2"
        },
        "urllib3": {
            "hashes": [
                "sha256:4987c65554f7a2dbf30c18fd48778ef124af6fab771a377103da0585e2336ece",
                "sha256:c4fdf4019605b6e5423637e01bc9fe4daef873709a7973e195ceba0a62bbc844"
            ],
            "markers": "python_version >= '2.7' and python_version not in '3.0, 3.1, 3.2, 3.3, 3.4' and python_full_version < '4.0.0'",
            "version": "==1.26.7"
        },
        "vine": {
            "hashes": [
                "sha256:4c9dceab6f76ed92105027c49c823800dd33cacce13bdedc5b914e3514b7fb30",
                "sha256:7d3b1624a953da82ef63462013bbd271d3eb75751489f9807598e8f340bd637e"
            ],
            "markers": "python_version >= '3.6'",
            "version": "==5.0.0"
        },
        "wcwidth": {
            "hashes": [
                "sha256:beb4802a9cebb9144e99086eff703a642a13d6a0052920003a230f3294bbe784",
                "sha256:c4d647b99872929fdb7bdcaa4fbe7f01413ed3d98077df798530e5b04f116c83"
            ],
            "version": "==0.2.5"
        }
    },
    "develop": {
        "flake8": {
            "hashes": [
                "sha256:479b1304f72536a55948cb40a32dce8bb0ffe3501e26eaf292c7e60eb5e0428d",
                "sha256:806e034dda44114815e23c16ef92f95c91e4c71100ff52813adf7132a6ad870d"
            ],
            "index": "pypi",
            "version": "==4.0.1"
        },
        "mccabe": {
            "hashes": [
                "sha256:ab8a6258860da4b6677da4bd2fe5dc2c659cff31b3ee4f7f5d64e79735b80d42",
                "sha256:dd8d182285a0fe56bace7f45b5e7d1a6ebcbf524e8f3bd87eb0f125271b8831f"
            ],
            "version": "==0.6.1"
        },
        "pycodestyle": {
            "hashes": [
                "sha256:720f8b39dde8b293825e7ff02c475f3077124006db4f440dcbc9a20b76548a20",
                "sha256:eddd5847ef438ea1c7870ca7eb78a9d47ce0cdb4851a5523949f2601d0cbbe7f"
            ],
            "markers": "python_version >= '2.7' and python_version not in '3.0, 3.1, 3.2, 3.3, 3.4'",
            "version": "==2.8.0"
        },
        "pyflakes": {
            "hashes": [
                "sha256:05a85c2872edf37a4ed30b0cce2f6093e1d0581f8c19d7393122da7e25b2b24c",
                "sha256:3bb3a3f256f4b7968c9c788781e4ff07dce46bdf12339dcda61053375426ee2e"
            ],
            "markers": "python_version >= '2.7' and python_version not in '3.0, 3.1, 3.2, 3.3'",
            "version": "==2.4.0"
        }
    }
}
